    "@svgr/webpack": {
      "version": "4.3.3",
      "resolved": "https://registry.npmjs.org/@svgr/webpack/-/webpack-4.3.3.tgz",
      "integrity": "sha512-bjnWolZ6KVsHhgyCoYRFmbd26p8XVbulCzSG53BDQqAr+JOAderYK7CuYrB3bDjHJuF6LJ7Wrr42+goLRV9qIg==",
      "requires": {
        "@babel/core": "^7.4.5",
        "@babel/plugin-transform-react-constant-elements": "^7.0.0",
        "@babel/preset-env": "^7.4.5",
        "@babel/preset-react": "^7.0.0",
        "@svgr/core": "^4.3.3",
        "@svgr/plugin-jsx": "^4.3.3",
        "@svgr/plugin-svgo": "^4.3.1",
        "loader-utils": "^1.2.3"
      }
    },
        "postcss-values-parser": {
          "version": "5.0.0",
          "resolved": "https://registry.npmjs.org/postcss-values-parser/-/postcss-values-parser-5.0.0.tgz",
          "integrity": "sha512-2viDDjMMrt21W2izbeiJxl3kFuD/+asgB0CBwPEgSyhCmBnDIa/y+pLaoyX+q3I3DHH0oPPL3cgjVTQvlS1Maw==",
          "dev": true,
          "requires": {
            "color-name": "^1.1.4",
            "is-url-superb": "^4.0.0",
            "quote-unquote": "^1.0.0"
          }
        }
